
Microsoft Visual Studio Solution File, Format Version 12.00
# Visual Studio Version 16
VisualStudioVersion = 16.0.31729.503
MinimumVisualStudioVersion = 10.0.40219.1
Project("{FAE04EC0-301F-11D3-BF4B-00C04F79EFBC}") = "DirectoriesAndFiles", "DirectoriesAndFiles\DirectoriesAndFiles.csproj", "{41F9C2E5-D15E-4FC7-AF42-CF6995032695}"
EndProject
Project("{FAE04EC0-301F-11D3-BF4B-00C04F79EFBC}") = "WishList", "WishList\WishList.csproj", "{FE9B540A-5B15-4C8D-908B-50FFE983938C}"
EndProject
Project("{FAE04EC0-301F-11D3-BF4B-00C04F79EFBC}") = "MyWishListFile", "MyWishListFile\MyWishListFile.csproj", "{55227204-1AA6-4390-9C26-C4804325437A}"
EndProject
Project("{FAE04EC0-301F-11D3-BF4B-00C04F79EFBC}") = "iseseisevtoo1osa", "iseseisevtoo1\iseseisevtoo1osa.csproj", "{EDF19FB2-F870-44A2-AAE4-1D92CA19053D}"
EndProject
Project("{FAE04EC0-301F-11D3-BF4B-00C04F79EFBC}") = "iseseisevtoo2osa", "proov\iseseisevtoo2osa.csproj", "{719931A0-3B67-419F-97E6-7207088163EE}"
EndProject
Global
	GlobalSection(SolutionConfigurationPlatforms) = preSolution
		Debug|Any CPU = Debug|Any CPU
		Release|Any CPU = Release|Any CPU
	EndGlobalSection
	GlobalSection(ProjectConfigurationPlatforms) = postSolution
		{41F9C2E5-D15E-4FC7-AF42-CF6995032695}.Debug|Any CPU.ActiveCfg = Debug|Any CPU
		{41F9C2E5-D15E-4FC7-AF42-CF6995032695}.Debug|Any CPU.Build.0 = Debug|Any CPU
		{41F9C2E5-D15E-4FC7-AF42-CF6995032695}.Release|Any CPU.ActiveCfg = Release|Any CPU
		{41F9C2E5-D15E-4FC7-AF42-CF6995032695}.Release|Any CPU.Build.0 = Release|Any CPU
		{FE9B540A-5B15-4C8D-908B-50FFE983938C}.Debug|Any CPU.ActiveCfg = Debug|Any CPU
		{FE9B540A-5B15-4C8D-908B-50FFE983938C}.Debug|Any CPU.Build.0 = Debug|Any CPU
		{FE9B540A-5B15-4C8D-908B-50FFE983938C}.Release|Any CPU.ActiveCfg = Release|Any CPU
		{FE9B540A-5B15-4C8D-908B-50FFE983938C}.Release|Any CPU.Build.0 = Release|Any CPU
		{55227204-1AA6-4390-9C26-C4804325437A}.Debug|Any CPU.ActiveCfg = Debug|Any CPU
		{55227204-1AA6-4390-9C26-C4804325437A}.Debug|Any CPU.Build.0 = Debug|Any CPU
		{55227204-1AA6-4390-9C26-C4804325437A}.Release|Any CPU.ActiveCfg = Release|Any CPU
		{55227204-1AA6-4390-9C26-C4804325437A}.Release|Any CPU.Build.0 = Release|Any CPU
		{EDF19FB2-F870-44A2-AAE4-1D92CA19053D}.Debug|Any CPU.ActiveCfg = Debug|Any CPU
		{EDF19FB2-F870-44A2-AAE4-1D92CA19053D}.Debug|Any CPU.Build.0 = Debug|Any CPU
		{EDF19FB2-F870-44A2-AAE4-1D92CA19053D}.Release|Any CPU.ActiveCfg = Release|Any CPU
		{EDF19FB2-F870-44A2-AAE4-1D92CA19053D}.Release|Any CPU.Build.0 = Release|Any CPU
		{719931A0-3B67-419F-97E6-7207088163EE}.Debug|Any CPU.ActiveCfg = Debug|Any CPU
		{719931A0-3B67-419F-97E6-7207088163EE}.Debug|Any CPU.Build.0 = Debug|Any CPU
		{719931A0-3B67-419F-97E6-7207088163EE}.Release|Any CPU.ActiveCfg = Release|Any CPU
		{719931A0-3B67-419F-97E6-7207088163EE}.Release|Any CPU.Build.0 = Release|Any CPU
	EndGlobalSection
	GlobalSection(SolutionProperties) = preSolution
		HideSolutionNode = FALSE
	EndGlobalSection
	GlobalSection(ExtensibilityGlobals) = postSolution
		SolutionGuid = {E3DBD4E2-B2C5-466A-92CB-894B608E91E1}
	EndGlobalSection
EndGlobal
